
Microsoft Visual Studio Solution File, Format Version 12.00
# Visual Studio Version 17
VisualStudioVersion = 17.14.36301.6
MinimumVisualStudioVersion = 10.0.40219.1
Project("{FAE04EC0-301F-11D3-BF4B-00C04F79EFBC}") = "PureDelivery.IdentityService", "PureDelivery.IdentityService\PureDelivery.IdentityService.csproj", "{080C713B-9EF0-4FDB-AD49-9C6E336805CC}"
	ProjectSection(ProjectDependencies) = postProject
		{A8A911EC-8303-4A00-A4CE-A2C0D516A641} = {A8A911EC-8303-4A00-A4CE-A2C0D516A641}
	EndProjectSection
EndProject
Project("{FAE04EC0-301F-11D3-BF4B-00C04F79EFBC}") = "PureDelivery.IdentityService.Core", "PureDelivery.IdentityService.Core\PureDelivery.IdentityService.Core.csproj", "{FCDF55E8-21B8-4635-AB6B-BE927956AD0D}"
EndProject
Project("{FAE04EC0-301F-11D3-BF4B-00C04F79EFBC}") = "PureDelivery.IdentityService.Infrastructure", "PureDelivery.IdentityService.Infrastructure\PureDelivery.IdentityService.Infrastructure.csproj", "{A8A911EC-8303-4A00-A4CE-A2C0D516A641}"
EndProject
Global
	GlobalSection(SolutionConfigurationPlatforms) = preSolution
		Debug|Any CPU = Debug|Any CPU
		Release|Any CPU = Release|Any CPU
	EndGlobalSection
	GlobalSection(ProjectConfigurationPlatforms) = postSolution
		{080C713B-9EF0-4FDB-AD49-9C6E336805CC}.Debug|Any CPU.ActiveCfg = Debug|Any CPU
		{080C713B-9EF0-4FDB-AD49-9C6E336805CC}.Debug|Any CPU.Build.0 = Debug|Any CPU
		{080C713B-9EF0-4FDB-AD49-9C6E336805CC}.Release|Any CPU.ActiveCfg = Release|Any CPU
		{080C713B-9EF0-4FDB-AD49-9C6E336805CC}.Release|Any CPU.Build.0 = Release|Any CPU
		{FCDF55E8-21B8-4635-AB6B-BE927956AD0D}.Debug|Any CPU.ActiveCfg = Debug|Any CPU
		{FCDF55E8-21B8-4635-AB6B-BE927956AD0D}.Debug|Any CPU.Build.0 = Debug|Any CPU
		{FCDF55E8-21B8-4635-AB6B-BE927956AD0D}.Release|Any CPU.ActiveCfg = Release|Any CPU
		{FCDF55E8-21B8-4635-AB6B-BE927956AD0D}.Release|Any CPU.Build.0 = Release|Any CPU
		{A8A911EC-8303-4A00-A4CE-A2C0D516A641}.Debug|Any CPU.ActiveCfg = Debug|Any CPU
		{A8A911EC-8303-4A00-A4CE-A2C0D516A641}.Debug|Any CPU.Build.0 = Debug|Any CPU
		{A8A911EC-8303-4A00-A4CE-A2C0D516A641}.Release|Any CPU.ActiveCfg = Release|Any CPU
		{A8A911EC-8303-4A00-A4CE-A2C0D516A641}.Release|Any CPU.Build.0 = Release|Any CPU
	EndGlobalSection
	GlobalSection(SolutionProperties) = preSolution
		HideSolutionNode = FALSE
	EndGlobalSection
	GlobalSection(ExtensibilityGlobals) = postSolution
		SolutionGuid = {82AC3DC6-DBFA-4D88-9466-9585C6D3F016}
	EndGlobalSection
EndGlobal
